
Microsoft Visual Studio Solution File, Format Version 12.00
# Visual Studio Version 16
VisualStudioVersion = 16.0.30128.74
MinimumVisualStudioVersion = 10.0.40219.1
Project("{FAE04EC0-301F-11D3-BF4B-00C04F79EFBC}") = "Ravenous", "Ravenous\Ravenous.csproj", "{C16C7377-C7B2-4C5A-A253-56AC0F5C0C3D}"
EndProject
Global
	GlobalSection(SolutionConfigurationPlatforms) = preSolution
		Debug|Any CPU = Debug|Any CPU
		Release|Any CPU = Release|Any CPU
	EndGlobalSection
	GlobalSection(ProjectConfigurationPlatforms) = postSolution
		{C16C7377-C7B2-4C5A-A253-56AC0F5C0C3D}.Debug|Any CPU.ActiveCfg = Debug|Any CPU
		{C16C7377-C7B2-4C5A-A253-56AC0F5C0C3D}.Debug|Any CPU.Build.0 = Debug|Any CPU
		{C16C7377-C7B2-4C5A-A253-56AC0F5C0C3D}.Release|Any CPU.ActiveCfg = Release|Any CPU
		{C16C7377-C7B2-4C5A-A253-56AC0F5C0C3D}.Release|Any CPU.Build.0 = Release|Any CPU
	EndGlobalSection
	GlobalSection(SolutionProperties) = preSolution
		HideSolutionNode = FALSE
	EndGlobalSection
	GlobalSection(ExtensibilityGlobals) = postSolution
		SolutionGuid = {50CAC10D-9A3B-4FB7-B338-E6242A56BA22}
	EndGlobalSection
EndGlobal
